
Microsoft Visual Studio Solution File, Format Version 12.00
# Visual Studio Version 16
VisualStudioVersion = 16.0.31911.196
MinimumVisualStudioVersion = 10.0.40219.1
Project("{9A19103F-16F7-4668-BE54-9A1E7A4F7556}") = "LinqPractice", "LinqPractice\LinqPractice.csproj", "{EE445021-BD91-4C0D-A5F2-0CB0395E40D8}"
EndProject
Project("{FAE04EC0-301F-11D3-BF4B-00C04F79EFBC}") = "LinqFeatures", "LinqFeatures\LinqFeatures.csproj", "{67468C3E-7D87-4D1A-A58A-EFB6B3BC01EA}"
EndProject
Global
	GlobalSection(SolutionConfigurationPlatforms) = preSolution
		Debug|Any CPU = Debug|Any CPU
		Release|Any CPU = Release|Any CPU
	EndGlobalSection
	GlobalSection(ProjectConfigurationPlatforms) = postSolution
		{EE445021-BD91-4C0D-A5F2-0CB0395E40D8}.Debug|Any CPU.ActiveCfg = Debug|Any CPU
		{EE445021-BD91-4C0D-A5F2-0CB0395E40D8}.Debug|Any CPU.Build.0 = Debug|Any CPU
		{EE445021-BD91-4C0D-A5F2-0CB0395E40D8}.Release|Any CPU.ActiveCfg = Release|Any CPU
		{EE445021-BD91-4C0D-A5F2-0CB0395E40D8}.Release|Any CPU.Build.0 = Release|Any CPU
		{67468C3E-7D87-4D1A-A58A-EFB6B3BC01EA}.Debug|Any CPU.ActiveCfg = Debug|Any CPU
		{67468C3E-7D87-4D1A-A58A-EFB6B3BC01EA}.Debug|Any CPU.Build.0 = Debug|Any CPU
		{67468C3E-7D87-4D1A-A58A-EFB6B3BC01EA}.Release|Any CPU.ActiveCfg = Release|Any CPU
		{67468C3E-7D87-4D1A-A58A-EFB6B3BC01EA}.Release|Any CPU.Build.0 = Release|Any CPU
	EndGlobalSection
	GlobalSection(SolutionProperties) = preSolution
		HideSolutionNode = FALSE
	EndGlobalSection
	GlobalSection(ExtensibilityGlobals) = postSolution
		SolutionGuid = {F2E62356-C776-4E31-9F87-D96A43663FB4}
	EndGlobalSection
EndGlobal
